{
  "object": {
    "pins": [
      {
        "package": "async-kit",
        "repositoryURL": "https://github.com/vapor/async-kit.git",
        "state": {
          "branch": null,
          "revision": "7457413e57dbfac762b32dd30c1caf2c55a02a3d",
          "version": "1.2.0"
        }
      },
      {
        "package": "E",
        "repositoryURL": "https://github.com/0xLeif/E.num.git",
        "state": {
          "branch": null,
          "revision": "635c4499a000ce4bfabde2fabb371401033de1d4",
          "version": "0.2.0"
        }
      },
      {
        "package": "EKit",
        "repositoryURL": "https://github.com/0xLeif/EKit.git",
        "state": {
          "branch": null,
          "revision": "646553d3f5e043542f1eeebd755b42cf9dd0d378",
          "version": "0.1.0"
        }
      },
      {
        "package": "FLite",
        "repositoryURL": "https://github.com/0xLeif/FLite.git",
        "state": {
          "branch": null,
          "revision": "7e98b7db2bd4dcc1db38827fa0ad71618f1c74c5",
          "version": "1.0.0"
        }
      },
      {
        "package": "fluent-kit",
        "repositoryURL": "https://github.com/vapor/fluent-kit.git",
        "state": {
          "branch": null,
          "revision": "b6cd7b93ef45b767041efeb83571457658c4acf7",
          "version": "1.10.1"
        }
      },
      {
        "package": "fluent-sqlite-driver",
        "repositoryURL": "https://github.com/vapor/fluent-sqlite-driver.git",
        "state": {
          "branch": null,
          "revision": "6f29f6f182c812075f09c7575c18ac5535c26824",
          "version": "4.0.1"
        }
      },
      {
        "package": "Later",
        "repositoryURL": "https://github.com/0xLeif/Later.git",
        "state": {
          "branch": null,
          "revision": "3ec8bc9dac95a5c4927dcc36b0c1cfbb540e6cbb",
          "version": "0.4.1"
        }
      },
      {
        "package": "Object",
        "repositoryURL": "https://github.com/0xLeif/Object.git",
        "state": {
          "branch": null,
          "revision": "5fba97d125a556223b6937fba7a3397ad8709981",
          "version": "0.5.0"
        }
      },
      {
        "package": "sql-kit",
        "repositoryURL": "https://github.com/vapor/sql-kit.git",
        "state": {
          "branch": null,
          "revision": "ea9928b7f4a801b175a00b982034d9c54ecb6167",
          "version": "3.7.0"
        }
      },
      {
        "package": "sqlite-kit",
        "repositoryURL": "https://github.com/vapor/sqlite-kit.git",
        "state": {
          "branch": null,
          "revision": "2ec279b9c845cec254646834b66338551a024561",
          "version": "4.0.2"
        }
      },
      {
        "package": "sqlite-nio",
        "repositoryURL": "https://github.com/vapor/sqlite-nio.git",
        "state": {
          "branch": null,
          "revision": "6481dd0b01112d082dd7eb362782126e81964138",
          "version": "1.1.0"
        }
      },
      {
        "package": "swift-log",
        "repositoryURL": "https://github.com/apple/swift-log.git",
        "state": {
          "branch": null,
          "revision": "173f567a2dfec11d74588eea82cecea555bdc0bc",
          "version": "1.4.0"
        }
      },
      {
        "package": "swift-nio",
        "repositoryURL": "https://github.com/apple/swift-nio.git",
        "state": {
          "branch": null,
          "revision": "2f9ea477387806a79a8951524ef2d40de917a0e1",
          "version": "2.24.0"
        }
      },
      {
        "package": "SwiftPack",
        "repositoryURL": "https://github.com/0xLeif/SwiftPack",
        "state": {
          "branch": null,
          "revision": "9dc34d13a89946aa20e2053e499c39279f5984a0",
          "version": "0.0.1"
        }
      },
      {
        "package": "SwiftShell",
        "repositoryURL": "https://github.com/kareman/SwiftShell.git",
        "state": {
          "branch": null,
          "revision": "99680b2efc7c7dbcace1da0b3979d266f02e213c",
          "version": "5.1.0"
        }
      },
      {
        "package": "UDLoader",
        "repositoryURL": "https://github.com/0xLeif/UDLoader.git",
        "state": {
          "branch": null,
          "revision": "22b1c889e46e2e358f0802d4b76f7dff737b4d96",
          "version": "0.1.0"
        }
      }
    ]
  },
  "version": 1
}
